// !$*UTF8*$!
{
	archiveVersion = 1;
	classes = {
	};
	objectVersion = 46;
	objects = {

/* Begin PBXBuildFile section */
		6D6F864C1F1474FC00B97403 /* main.m in Sources */ = {isa = PBXBuildFile; fileRef = 6D6F864B1F1474FC00B97403 /* main.m */; };
		6D6F864F1F1474FC00B97403 /* AppDelegate.m in Sources */ = {isa = PBXBuildFile; fileRef = 6D6F864E1F1474FC00B97403 /* AppDelegate.m */; };
		6D6F86521F1474FC00B97403 /* ViewController.m in Sources */ = {isa = PBXBuildFile; fileRef = 6D6F86511F1474FC00B97403 /* ViewController.m */; };
		6D6F86551F1474FC00B97403 /* Main.storyboard in Resources */ = {isa = PBXBuildFile; fileRef = 6D6F86531F1474FC00B97403 /* Main.storyboard */; };
		6D6F86571F1474FC00B97403 /* Assets.xcassets in Resources */ = {isa = PBXBuildFile; fileRef = 6D6F86561F1474FC00B97403 /* Assets.xcassets */; };
		6D6F865A1F1474FC00B97403 /* LaunchScreen.storyboard in Resources */ = {isa = PBXBuildFile; fileRef = 6D6F86581F1474FC00B97403 /* LaunchScreen.storyboard */; };
		6D6F86651F14751B00B97403 /* chengzhangOnStore@2x.png in Resources */ = {isa = PBXBuildFile; fileRef = 6D6F86611F14751B00B97403 /* chengzhangOnStore@2x.png */; };
		6D6F86661F14751B00B97403 /* common_icon_alipay@3x.png in Resources */ = {isa = PBXBuildFile; fileRef = 6D6F86621F14751B00B97403 /* common_icon_alipay@3x.png */; };
		6D6F86671F14751B00B97403 /* course_zhujiao_icon@3x.png in Resources */ = {isa = PBXBuildFile; fileRef = 6D6F86631F14751B00B97403 /* course_zhujiao_icon@3x.png */; };
		6D6F86681F14751B00B97403 /* cross.png in Resources */ = {isa = PBXBuildFile; fileRef = 6D6F86641F14751B00B97403 /* cross.png */; };
		6D6F866B1F14760D00B97403 /* ZHHPCautionAlert.m in Sources */ = {isa = PBXBuildFile; fileRef = 6D6F866A1F14760D00B97403 /* ZHHPCautionAlert.m */; };
/* End PBXBuildFile section */

/* Begin PBXFileReference section */
		6D6F86471F1474FC00B97403 /* ZHHPTest.app */ = {isa = PBXFileReference; explicitFileType = wrapper.application; includeInIndex = 0; path = ZHHPTest.app; sourceTree = BUILT_PRODUCTS_DIR; };
		6D6F864B1F1474FC00B97403 /* main.m */ = {isa = PBXFileReference; lastKnownFileType = sourcecode.c.objc; path = main.m; sourceTree = "<group>"; };
		6D6F864D1F1474FC00B97403 /* AppDelegate.h */ = {isa = PBXFileReference; lastKnownFileType = sourcecode.c.h; path = AppDelegate.h; sourceTree = "<group>"; };
		6D6F864E1F1474FC00B97403 /* AppDelegate.m */ = {isa = PBXFileReference; lastKnownFileType = sourcecode.c.objc; path = AppDelegate.m; sourceTree = "<group>"; };
		6D6F86501F1474FC00B97403 /* ViewController.h */ = {isa = PBXFileReference; lastKnownFileType = sourcecode.c.h; path = ViewController.h; sourceTree = "<group>"; };
		6D6F86511F1474FC00B97403 /* ViewController.m */ = {isa = PBXFileReference; lastKnownFileType = sourcecode.c.objc; path = ViewController.m; sourceTree = "<group>"; };
		6D6F86541F1474FC00B97403 /* Base */ = {isa = PBXFileReference; lastKnownFileType = file.storyboard; name = Base; path = Base.lproj/Main.storyboard; sourceTree = "<group>"; };
		6D6F86561F1474FC00B97403 /* Assets.xcassets */ = {isa = PBXFileReference; lastKnownFileType = folder.assetcatalog; path = Assets.xcassets; sourceTree = "<group>"; };
		6D6F86591F1474FC00B97403 /* Base */ = {isa = PBXFileReference; lastKnownFileType = file.storyboard; name = Base; path = Base.lproj/LaunchScreen.storyboard; sourceTree = "<group>"; };
		6D6F865B1F1474FC00B97403 /* Info.plist */ = {isa = PBXFileReference; lastKnownFileType = text.plist.xml; path = Info.plist; sourceTree = "<group>"; };
		6D6F86611F14751B00B97403 /* chengzhangOnStore@2x.png */ = {isa = PBXFileReference; lastKnownFileType = image.png; path = "chengzhangOnStore@2x.png"; sourceTree = "<group>"; };
		6D6F86621F14751B00B97403 /* common_icon_alipay@3x.png */ = {isa = PBXFileReference; lastKnownFileType = image.png; path = "common_icon_alipay@3x.png"; sourceTree = "<group>"; };
		6D6F86631F14751B00B97403 /* course_zhujiao_icon@3x.png */ = {isa = PBXFileReference; lastKnownFileType = image.png; path = "course_zhujiao_icon@3x.png"; sourceTree = "<group>"; };
		6D6F86641F14751B00B97403 /* cross.png */ = {isa = PBXFileReference; lastKnownFileType = image.png; path = cross.png; sourceTree = "<group>"; };
		6D6F86691F14760D00B97403 /* ZHHPCautionAlert.h */ = {isa = PBXFileReference; fileEncoding = 4; lastKnownFileType = sourcecode.c.h; path = ZHHPCautionAlert.h; sourceTree = "<group>"; };
		6D6F866A1F14760D00B97403 /* ZHHPCautionAlert.m */ = {isa = PBXFileReference; fileEncoding = 4; lastKnownFileType = sourcecode.c.objc; path = ZHHPCautionAlert.m; sourceTree = "<group>"; };
/* End PBXFileReference section */

/* Begin PBXFrameworksBuildPhase section */
		6D6F86441F1474FC00B97403 /* Frameworks */ = {
			isa = PBXFrameworksBuildPhase;
			buildActionMask = 2147483647;
			files = (
			);
			runOnlyForDeploymentPostprocessing = 0;
		};
/* End PBXFrameworksBuildPhase section */

/* Begin PBXGroup section */
		6D6F863E1F1474FC00B97403 = {
			isa = PBXGroup;
			children = (
				6D6F86491F1474FC00B97403 /* ZHHPTest */,
				6D6F86481F1474FC00B97403 /* Products */,
			);
			sourceTree = "<group>";
		};
		6D6F86481F1474FC00B97403 /* Products */ = {
			isa = PBXGroup;
			children = (
				6D6F86471F1474FC00B97403 /* ZHHPTest.app */,
			);
			name = Products;
			sourceTree = "<group>";
		};
		6D6F86491F1474FC00B97403 /* ZHHPTest */ = {
			isa = PBXGroup;
			children = (
				6D6F864D1F1474FC00B97403 /* AppDelegate.h */,
				6D6F864E1F1474FC00B97403 /* AppDelegate.m */,
				6D6F86501F1474FC00B97403 /* ViewController.h */,
				6D6F86511F1474FC00B97403 /* ViewController.m */,
				6D6F86691F14760D00B97403 /* ZHHPCautionAlert.h */,
				6D6F866A1F14760D00B97403 /* ZHHPCautionAlert.m */,
				6D6F86531F1474FC00B97403 /* Main.storyboard */,
				6D6F86611F14751B00B97403 /* chengzhangOnStore@2x.png */,
				6D6F86621F14751B00B97403 /* common_icon_alipay@3x.png */,
				6D6F86631F14751B00B97403 /* course_zhujiao_icon@3x.png */,
				6D6F86641F14751B00B97403 /* cross.png */,
				6D6F86561F1474FC00B97403 /* Assets.xcassets */,
				6D6F86581F1474FC00B97403 /* LaunchScreen.storyboard */,
				6D6F865B1F1474FC00B97403 /* Info.plist */,
				6D6F864A1F1474FC00B97403 /* Supporting Files */,
			);
			path = ZHHPTest;
			sourceTree = "<group>";
		};
		6D6F864A1F1474FC00B97403 /* Supporting Files */ = {
			isa = PBXGroup;
			children = (
				6D6F864B1F1474FC00B97403 /* main.m */,
			);
			name = "Supporting Files";
			sourceTree = "<group>";
		};
/* End PBXGroup section */

/* Begin PBXNativeTarget section */
		6D6F86461F1474FC00B97403 /* ZHHPTest */ = {
			isa = PBXNativeTarget;
			buildConfigurationList = 6D6F865E1F1474FC00B97403 /* Build configuration list for PBXNativeTarget "ZHHPTest" */;
			buildPhases = (
				6D6F86431F1474FC00B97403 /* Sources */,
				6D6F86441F1474FC00B97403 /* Frameworks */,
				6D6F86451F1474FC00B97403 /* Resources */,
			);
			buildRules = (
			);
			dependencies = (
			);
			name = ZHHPTest;
			productName = ZHHPTest;
			productReference = 6D6F86471F1474FC00B97403 /* ZHHPTest.app */;
			productType = "com.apple.product-type.application";
		};
/* End PBXNativeTarget section */

/* Begin PBXProject section */
		6D6F863F1F1474FC00B97403 /* Project object */ = {
			isa = PBXProject;
			attributes = {
				LastUpgradeCheck = 0820;
				ORGANIZATIONNAME = BJZhongHeHuangPU;
				TargetAttributes = {
					6D6F86461F1474FC00B97403 = {
						CreatedOnToolsVersion = 8.2.1;
						DevelopmentTeam = W743Y9P3MJ;
						ProvisioningStyle = Automatic;
					};
				};
			};
			buildConfigurationList = 6D6F86421F1474FC00B97403 /* Build configuration list for PBXProject "ZHHPTest" */;
			compatibilityVersion = "Xcode 3.2";
			developmentRegion = English;
			hasScannedForEncodings = 0;
			knownRegions = (
				en,
				Base,
			);
			mainGroup = 6D6F863E1F1474FC00B97403;
			productRefGroup = 6D6F86481F1474FC00B97403 /* Products */;
			projectDirPath = "";
			projectRoot = "";
			targets = (
				6D6F86461F1474FC00B97403 /* ZHHPTest */,
			);
		};
/* End PBXProject section */

/* Begin PBXResourcesBuildPhase section */
		6D6F86451F1474FC00B97403 /* Resources */ = {
			isa = PBXResourcesBuildPhase;
			buildActionMask = 2147483647;
			files = (
				6D6F86681F14751B00B97403 /* cross.png in Resources */,
				6D6F86671F14751B00B97403 /* course_zhujiao_icon@3x.png in Resources */,
				6D6F86651F14751B00B97403 /* chengzhangOnStore@2x.png in Resources */,
				6D6F865A1F1474FC00B97403 /* LaunchScreen.storyboard in Resources */,
				6D6F86571F1474FC00B97403 /* Assets.xcassets in Resources */,
				6D6F86551F1474FC00B97403 /* Main.storyboard in Resources */,
				6D6F86661F14751B00B97403 /* common_icon_alipay@3x.png in Resources */,
			);
			runOnlyForDeploymentPostprocessing = 0;
		};
/* End PBXResourcesBuildPhase section */

/* Begin PBXSourcesBuildPhase section */
		6D6F86431F1474FC00B97403 /* Sources */ = {
			isa = PBXSourcesBuildPhase;
			buildActionMask = 2147483647;
			files = (
				6D6F86521F1474FC00B97403 /* ViewController.m in Sources */,
				6D6F864F1F1474FC00B97403 /* AppDelegate.m in Sources */,
				6D6F866B1F14760D00B97403 /* ZHHPCautionAlert.m in Sources */,
				6D6F864C1F1474FC00B97403 /* main.m in Sources */,
			);
			runOnlyForDeploymentPostprocessing = 0;
		};
/* End PBXSourcesBuildPhase section */

/* Begin PBXVariantGroup section */
		6D6F86531F1474FC00B97403 /* Main.storyboard */ = {
			isa = PBXVariantGroup;
			children = (
				6D6F86541F1474FC00B97403 /* Base */,
			);
			name = Main.storyboard;
			sourceTree = "<group>";
		};
		6D6F86581F1474FC00B97403 /* LaunchScreen.storyboard */ = {
			isa = PBXVariantGroup;
			children = (
				6D6F86591F1474FC00B97403 /* Base */,
			);
			name = LaunchScreen.storyboard;
			sourceTree = "<group>";
		};
/* End PBXVariantGroup section */

/* Begin XCBuildConfiguration section */
		6D6F865C1F1474FC00B97403 /* Debug */ = {
			isa = XCBuildConfiguration;
			buildSettings = {
				ALWAYS_SEARCH_USER_PATHS = NO;
				CLANG_ANALYZER_NONNULL = YES;
				CLANG_CXX_LANGUAGE_STANDARD = "gnu++0x";
				CLANG_CXX_LIBRARY = "libc++";
				CLANG_ENABLE_MODULES = YES;
				CLANG_ENABLE_OBJC_ARC = YES;
				CLANG_WARN_BOOL_CONVERSION = YES;
				CLANG_WARN_CONSTANT_CONVERSION = YES;
				CLANG_WARN_DIRECT_OBJC_ISA_USAGE = YES_ERROR;
				CLANG_WARN_DOCUMENTATION_COMMENTS = YES;
				CLANG_WARN_EMPTY_BODY = YES;
				CLANG_WARN_ENUM_CONVERSION = YES;
				CLANG_WARN_INFINITE_RECURSION = YES;
				CLANG_WARN_INT_CONVERSION = YES;
				CLANG_WARN_OBJC_ROOT_CLASS = YES_ERROR;
				CLANG_WARN_SUSPICIOUS_MOVE = YES;
				CLANG_WARN_UNREACHABLE_CODE = YES;
				CLANG_WARN__DUPLICATE_METHOD_MATCH = YES;
				"CODE_SIGN_IDENTITY[sdk=iphoneos*]" = "iPhone Developer";
				COPY_PHASE_STRIP = NO;
				DEBUG_INFORMATION_FORMAT = dwarf;
				ENABLE_STRICT_OBJC_MSGSEND = YES;
				ENABLE_TESTABILITY = YES;
				GCC_C_LANGUAGE_STANDARD = gnu99;
				GCC_DYNAMIC_NO_PIC = NO;
				GCC_NO_COMMON_BLOCKS = YES;
				GCC_OPTIMIZATION_LEVEL = 0;
				GCC_PREPROCESSOR_DEFINITIONS = (
					"DEBUG=1",
					"$(inherited)",
				);
				GCC_WARN_64_TO_32_BIT_CONVERSION = YES;
				GCC_WARN_ABOUT_RETURN_TYPE = YES_ERROR;
				GCC_WARN_UNDECLARED_SELECTOR = YES;
				GCC_WARN_UNINITIALIZED_AUTOS = YES_AGGRESSIVE;
				GCC_WARN_UNUSED_FUNCTION = YES;
				GCC_WARN_UNUSED_VARIABLE = YES;
				IPHONEOS_DEPLOYMENT_TARGET = 10.2;
				MTL_ENABLE_DEBUG_INFO = YES;
				ONLY_ACTIVE_ARCH = YES;
				SDKROOT = iphoneos;
			};
			name = Debug;
		};
		6D6F865D1F1474FC00B97403 /* Release */ = {
			isa = XCBuildConfiguration;
			buildSettings = {
				ALWAYS_SEARCH_USER_PATHS = NO;
				CLANG_ANALYZER_NONNULL = YES;
				CLANG_CXX_LANGUAGE_STANDARD = "gnu++0x";
				CLANG_CXX_LIBRARY = "libc++";
				CLANG_ENABLE_MODULES = YES;
				CLANG_ENABLE_OBJC_ARC = YES;
				CLANG_WARN_BOOL_CONVERSION = YES;
				CLANG_WARN_CONSTANT_CONVERSION = YES;
				CLANG_WARN_DIRECT_OBJC_ISA_USAGE = YES_ERROR;
				CLANG_WARN_DOCUMENTATION_COMMENTS = YES;
				CLANG_WARN_EMPTY_BODY = YES;
				CLANG_WARN_ENUM_CONVERSION = YES;
				CLANG_WARN_INFINITE_RECURSION = YES;
				CLANG_WARN_INT_CONVERSION = YES;
				CLANG_WARN_OBJC_ROOT_CLASS = YES_ERROR;
				CLANG_WARN_SUSPICIOUS_MOVE = YES;
				CLANG_WARN_UNREACHABLE_CODE = YES;
				CLANG_WARN__DUPLICATE_METHOD_MATCH = YES;
				"CODE_SIGN_IDENTITY[sdk=iphoneos*]" = "iPhone Developer";
				COPY_PHASE_STRIP = NO;
				DEBUG_INFORMATION_FORMAT = "dwarf-with-dsym";
				ENABLE_NS_ASSERTIONS = NO;
				ENABLE_STRICT_OBJC_MSGSEND = YES;
				GCC_C_LANGUAGE_STANDARD = gnu99;
				GCC_NO_COMMON_BLOCKS = YES;
				GCC_WARN_64_TO_32_BIT_CONVERSION = YES;
				GCC_WARN_ABOUT_RETURN_TYPE = YES_ERROR;
				GCC_WARN_UNDECLARED_SELECTOR = YES;
				GCC_WARN_UNINITIALIZED_AUTOS = YES_AGGRESSIVE;
				GCC_WARN_UNUSED_FUNCTION = YES;
				GCC_WARN_UNUSED_VARIABLE = YES;
				IPHONEOS_DEPLOYMENT_TARGET = 10.2;
				MTL_ENABLE_DEBUG_INFO = NO;
				SDKROOT = iphoneos;
				VALIDATE_PRODUCT = YES;
			};
			name = Release;
		};
		6D6F865F1F1474FC00B97403 /* Debug */ = {
			isa = XCBuildConfiguration;
			buildSettings = {
				ASSETCATALOG_COMPILER_APPICON_NAME = AppIcon;
				DEVELOPMENT_TEAM = W743Y9P3MJ;
				INFOPLIST_FILE = ZHHPTest/Info.plist;
				IPHONEOS_DEPLOYMENT_TARGET = 9.0;
				LD_RUNPATH_SEARCH_PATHS = "$(inherited) @executable_path/Frameworks";
				PRODUCT_BUNDLE_IDENTIFIER = BJZhongHeHuangPU.ZHHPTest;
				PRODUCT_NAME = "$(TARGET_NAME)";
			};
			name = Debug;
		};
		6D6F86601F1474FC00B97403 /* Release */ = {
			isa = XCBuildConfiguration;
			buildSettings = {
				ASSETCATALOG_COMPILER_APPICON_NAME = AppIcon;
				DEVELOPMENT_TEAM = W743Y9P3MJ;
				INFOPLIST_FILE = ZHHPTest/Info.plist;
				IPHONEOS_DEPLOYMENT_TARGET = 9.0;
				LD_RUNPATH_SEARCH_PATHS = "$(inherited) @executable_path/Frameworks";
				PRODUCT_BUNDLE_IDENTIFIER = BJZhongHeHuangPU.ZHHPTest;
				PRODUCT_NAME = "$(TARGET_NAME)";
			};
			name = Release;
		};
/* End XCBuildConfiguration section */

/* Begin XCConfigurationList section */
		6D6F86421F1474FC00B97403 /* Build configuration list for PBXProject "ZHHPTest" */ = {
			isa = XCConfigurationList;
			buildConfigurations = (
				6D6F865C1F1474FC00B97403 /* Debug */,
				6D6F865D1F1474FC00B97403 /* Release */,
			);
			defaultConfigurationIsVisible = 0;
			defaultConfigurationName = Release;
		};
		6D6F865E1F1474FC00B97403 /* Build configuration list for PBXNativeTarget "ZHHPTest" */ = {
			isa = XCConfigurationList;
			buildConfigurations = (
				6D6F865F1F1474FC00B97403 /* Debug */,
				6D6F86601F1474FC00B97403 /* Release */,
			);
			defaultConfigurationIsVisible = 0;
		};
/* End XCConfigurationList section */
	};
	rootObject = 6D6F863F1F1474FC00B97403 /* Project object */;
}
